// !$*UTF8*$!
{
	archiveVersion = 1;
	classes = {
	};
	objectVersion = 50;
	objects = {

/* Begin PBXBuildFile section */
		2E18C50C7934503D42D258B7 /* Pods_InspeeroLibDemo.framework in Frameworks */ = {isa = PBXBuildFile; fileRef = 6B439DB25F9EE69242D54234 /* Pods_InspeeroLibDemo.framework */; };
		35A055A721E6625900F6F5AD /* AppDelegate.swift in Sources */ = {isa = PBXBuildFile; fileRef = 35A055A621E6625900F6F5AD /* AppDelegate.swift */; };
		35A055A921E6625900F6F5AD /* ViewController.swift in Sources */ = {isa = PBXBuildFile; fileRef = 35A055A821E6625900F6F5AD /* ViewController.swift */; };
		35A055AE21E6625B00F6F5AD /* Assets.xcassets in Resources */ = {isa = PBXBuildFile; fileRef = 35A055AD21E6625B00F6F5AD /* Assets.xcassets */; };
		35A055B121E6625B00F6F5AD /* LaunchScreen.storyboard in Resources */ = {isa = PBXBuildFile; fileRef = 35A055AF21E6625B00F6F5AD /* LaunchScreen.storyboard */; };
		35A055BC21E6625B00F6F5AD /* InspeeroLibDemoTests.swift in Sources */ = {isa = PBXBuildFile; fileRef = 35A055BB21E6625B00F6F5AD /* InspeeroLibDemoTests.swift */; };
		35A055C721E6625B00F6F5AD /* InspeeroLibDemoUITests.swift in Sources */ = {isa = PBXBuildFile; fileRef = 35A055C621E6625B00F6F5AD /* InspeeroLibDemoUITests.swift */; };
		35A055DB21E662A900F6F5AD /* RazeFaceProducts.swift in Sources */ = {isa = PBXBuildFile; fileRef = 35A055D621E662A800F6F5AD /* RazeFaceProducts.swift */; };
		35A055DC21E662A900F6F5AD /* DetailViewController.swift in Sources */ = {isa = PBXBuildFile; fileRef = 35A055D721E662A800F6F5AD /* DetailViewController.swift */; };
		35A055DD21E662A900F6F5AD /* MasterViewController.swift in Sources */ = {isa = PBXBuildFile; fileRef = 35A055D821E662A900F6F5AD /* MasterViewController.swift */; };
		35A055DE21E662A900F6F5AD /* ProductCell.swift in Sources */ = {isa = PBXBuildFile; fileRef = 35A055D921E662A900F6F5AD /* ProductCell.swift */; };
		35A055E121E669A500F6F5AD /* Main.storyboard in Resources */ = {isa = PBXBuildFile; fileRef = 35A055E021E669A400F6F5AD /* Main.storyboard */; };
		35A055E321E66A6D00F6F5AD /* StoreKit.framework in Frameworks */ = {isa = PBXBuildFile; fileRef = 35A055E221E66A6D00F6F5AD /* StoreKit.framework */; };
		7332BED3F7AF8AE583F7BA16 /* Pods_InspeeroLibDemoUITests.framework in Frameworks */ = {isa = PBXBuildFile; fileRef = 4BDF14B15224AAA8C505F35A /* Pods_InspeeroLibDemoUITests.framework */; };
		D6395FD6D6C5E1EA4C0FEB41 /* Pods_InspeeroLibDemoTests.framework in Frameworks */ = {isa = PBXBuildFile; fileRef = C9796F3761232A408C5FC2FB /* Pods_InspeeroLibDemoTests.framework */; };
/* End PBXBuildFile section */

/* Begin PBXContainerItemProxy section */
		35A055B821E6625B00F6F5AD /* PBXContainerItemProxy */ = {
			isa = PBXContainerItemProxy;
			containerPortal = 35A0559B21E6625900F6F5AD /* Project object */;
			proxyType = 1;
			remoteGlobalIDString = 35A055A221E6625900F6F5AD;
			remoteInfo = InspeeroLibDemo;
		};
		35A055C321E6625B00F6F5AD /* PBXContainerItemProxy */ = {
			isa = PBXContainerItemProxy;
			containerPortal = 35A0559B21E6625900F6F5AD /* Project object */;
			proxyType = 1;
			remoteGlobalIDString = 35A055A221E6625900F6F5AD;
			remoteInfo = InspeeroLibDemo;
		};
/* End PBXContainerItemProxy section */

/* Begin PBXFileReference section */
		20BBD641C9CC091570588922 /* Pods-InspeeroLibDemoUITests.release.xcconfig */ = {isa = PBXFileReference; includeInIndex = 1; lastKnownFileType = text.xcconfig; name = "Pods-InspeeroLibDemoUITests.release.xcconfig"; path = "Target Support Files/Pods-InspeeroLibDemoUITests/Pods-InspeeroLibDemoUITests.release.xcconfig"; sourceTree = "<group>"; };
		35A055A321E6625900F6F5AD /* InspeeroLibDemo.app */ = {isa = PBXFileReference; explicitFileType = wrapper.application; includeInIndex = 0; path = InspeeroLibDemo.app; sourceTree = BUILT_PRODUCTS_DIR; };
		35A055A621E6625900F6F5AD /* AppDelegate.swift */ = {isa = PBXFileReference; lastKnownFileType = sourcecode.swift; path = AppDelegate.swift; sourceTree = "<group>"; };
		35A055A821E6625900F6F5AD /* ViewController.swift */ = {isa = PBXFileReference; lastKnownFileType = sourcecode.swift; path = ViewController.swift; sourceTree = "<group>"; };
		35A055AD21E6625B00F6F5AD /* Assets.xcassets */ = {isa = PBXFileReference; lastKnownFileType = folder.assetcatalog; path = Assets.xcassets; sourceTree = "<group>"; };
		35A055B021E6625B00F6F5AD /* Base */ = {isa = PBXFileReference; lastKnownFileType = file.storyboard; name = Base; path = Base.lproj/LaunchScreen.storyboard; sourceTree = "<group>"; };
		35A055B221E6625B00F6F5AD /* Info.plist */ = {isa = PBXFileReference; lastKnownFileType = text.plist.xml; path = Info.plist; sourceTree = "<group>"; };
		35A055B721E6625B00F6F5AD /* InspeeroLibDemoTests.xctest */ = {isa = PBXFileReference; explicitFileType = wrapper.cfbundle; includeInIndex = 0; path = InspeeroLibDemoTests.xctest; sourceTree = BUILT_PRODUCTS_DIR; };
		35A055BB21E6625B00F6F5AD /* InspeeroLibDemoTests.swift */ = {isa = PBXFileReference; lastKnownFileType = sourcecode.swift; path = InspeeroLibDemoTests.swift; sourceTree = "<group>"; };
		35A055BD21E6625B00F6F5AD /* Info.plist */ = {isa = PBXFileReference; lastKnownFileType = text.plist.xml; path = Info.plist; sourceTree = "<group>"; };
		35A055C221E6625B00F6F5AD /* InspeeroLibDemoUITests.xctest */ = {isa = PBXFileReference; explicitFileType = wrapper.cfbundle; includeInIndex = 0; path = InspeeroLibDemoUITests.xctest; sourceTree = BUILT_PRODUCTS_DIR; };
		35A055C621E6625B00F6F5AD /* InspeeroLibDemoUITests.swift */ = {isa = PBXFileReference; lastKnownFileType = sourcecode.swift; path = InspeeroLibDemoUITests.swift; sourceTree = "<group>"; };
		35A055C821E6625B00F6F5AD /* Info.plist */ = {isa = PBXFileReference; lastKnownFileType = text.plist.xml; path = Info.plist; sourceTree = "<group>"; };
		35A055D621E662A800F6F5AD /* RazeFaceProducts.swift */ = {isa = PBXFileReference; fileEncoding = 4; lastKnownFileType = sourcecode.swift; path = RazeFaceProducts.swift; sourceTree = "<group>"; };
		35A055D721E662A800F6F5AD /* DetailViewController.swift */ = {isa = PBXFileReference; fileEncoding = 4; lastKnownFileType = sourcecode.swift; path = DetailViewController.swift; sourceTree = "<group>"; };
		35A055D821E662A900F6F5AD /* MasterViewController.swift */ = {isa = PBXFileReference; fileEncoding = 4; lastKnownFileType = sourcecode.swift; path = MasterViewController.swift; sourceTree = "<group>"; };
		35A055D921E662A900F6F5AD /* ProductCell.swift */ = {isa = PBXFileReference; fileEncoding = 4; lastKnownFileType = sourcecode.swift; path = ProductCell.swift; sourceTree = "<group>"; };
		35A055E021E669A400F6F5AD /* Main.storyboard */ = {isa = PBXFileReference; fileEncoding = 4; lastKnownFileType = file.storyboard; path = Main.storyboard; sourceTree = "<group>"; };
		35A055E221E66A6D00F6F5AD /* StoreKit.framework */ = {isa = PBXFileReference; lastKnownFileType = wrapper.framework; name = StoreKit.framework; path = System/Library/Frameworks/StoreKit.framework; sourceTree = SDKROOT; };
		4790B33C074F4B396EF8DA44 /* Pods-InspeeroLibDemoTests.debug.xcconfig */ = {isa = PBXFileReference; includeInIndex = 1; lastKnownFileType = text.xcconfig; name = "Pods-InspeeroLibDemoTests.debug.xcconfig"; path = "Target Support Files/Pods-InspeeroLibDemoTests/Pods-InspeeroLibDemoTests.debug.xcconfig"; sourceTree = "<group>"; };
		4BDF14B15224AAA8C505F35A /* Pods_InspeeroLibDemoUITests.framework */ = {isa = PBXFileReference; explicitFileType = wrapper.framework; includeInIndex = 0; path = Pods_InspeeroLibDemoUITests.framework; sourceTree = BUILT_PRODUCTS_DIR; };
		6B439DB25F9EE69242D54234 /* Pods_InspeeroLibDemo.framework */ = {isa = PBXFileReference; explicitFileType = wrapper.framework; includeInIndex = 0; path = Pods_InspeeroLibDemo.framework; sourceTree = BUILT_PRODUCTS_DIR; };
		71F85DB72D4F2E6E149DFD63 /* Pods-InspeeroLibDemoUITests.debug.xcconfig */ = {isa = PBXFileReference; includeInIndex = 1; lastKnownFileType = text.xcconfig; name = "Pods-InspeeroLibDemoUITests.debug.xcconfig"; path = "Target Support Files/Pods-InspeeroLibDemoUITests/Pods-InspeeroLibDemoUITests.debug.xcconfig"; sourceTree = "<group>"; };
		9457F7B00958D15D79899E2C /* Pods-InspeeroLibDemoTests.release.xcconfig */ = {isa = PBXFileReference; includeInIndex = 1; lastKnownFileType = text.xcconfig; name = "Pods-InspeeroLibDemoTests.release.xcconfig"; path = "Target Support Files/Pods-InspeeroLibDemoTests/Pods-InspeeroLibDemoTests.release.xcconfig"; sourceTree = "<group>"; };
		A8B93CD0FF7AD95BBE0C133F /* Pods-InspeeroLibDemo.release.xcconfig */ = {isa = PBXFileReference; includeInIndex = 1; lastKnownFileType = text.xcconfig; name = "Pods-InspeeroLibDemo.release.xcconfig"; path = "Target Support Files/Pods-InspeeroLibDemo/Pods-InspeeroLibDemo.release.xcconfig"; sourceTree = "<group>"; };
		C9796F3761232A408C5FC2FB /* Pods_InspeeroLibDemoTests.framework */ = {isa = PBXFileReference; explicitFileType = wrapper.framework; includeInIndex = 0; path = Pods_InspeeroLibDemoTests.framework; sourceTree = BUILT_PRODUCTS_DIR; };
		F827C271640C026276833D25 /* Pods-InspeeroLibDemo.debug.xcconfig */ = {isa = PBXFileReference; includeInIndex = 1; lastKnownFileType = text.xcconfig; name = "Pods-InspeeroLibDemo.debug.xcconfig"; path = "Target Support Files/Pods-InspeeroLibDemo/Pods-InspeeroLibDemo.debug.xcconfig"; sourceTree = "<group>"; };
/* End PBXFileReference section */

/* Begin PBXFrameworksBuildPhase section */
		35A055A021E6625900F6F5AD /* Frameworks */ = {
			isa = PBXFrameworksBuildPhase;
			buildActionMask = 2147483647;
			files = (
				2E18C50C7934503D42D258B7 /* Pods_InspeeroLibDemo.framework in Frameworks */,
				35A055E321E66A6D00F6F5AD /* StoreKit.framework in Frameworks */,
			);
			runOnlyForDeploymentPostprocessing = 0;
		};
		35A055B421E6625B00F6F5AD /* Frameworks */ = {
			isa = PBXFrameworksBuildPhase;
			buildActionMask = 2147483647;
			files = (
				D6395FD6D6C5E1EA4C0FEB41 /* Pods_InspeeroLibDemoTests.framework in Frameworks */,
			);
			runOnlyForDeploymentPostprocessing = 0;
		};
		35A055BF21E6625B00F6F5AD /* Frameworks */ = {
			isa = PBXFrameworksBuildPhase;
			buildActionMask = 2147483647;
			files = (
				7332BED3F7AF8AE583F7BA16 /* Pods_InspeeroLibDemoUITests.framework in Frameworks */,
			);
			runOnlyForDeploymentPostprocessing = 0;
		};
/* End PBXFrameworksBuildPhase section */

/* Begin PBXGroup section */
		1EE4F2DFE1E8AE35EAF33724 /* Frameworks */ = {
			isa = PBXGroup;
			children = (
				35A055E221E66A6D00F6F5AD /* StoreKit.framework */,
				6B439DB25F9EE69242D54234 /* Pods_InspeeroLibDemo.framework */,
				C9796F3761232A408C5FC2FB /* Pods_InspeeroLibDemoTests.framework */,
				4BDF14B15224AAA8C505F35A /* Pods_InspeeroLibDemoUITests.framework */,
			);
			name = Frameworks;
			sourceTree = "<group>";
		};
		35A0559A21E6625900F6F5AD = {
			isa = PBXGroup;
			children = (
				35A055A521E6625900F6F5AD /* InspeeroLibDemo */,
				35A055BA21E6625B00F6F5AD /* InspeeroLibDemoTests */,
				35A055C521E6625B00F6F5AD /* InspeeroLibDemoUITests */,
				35A055A421E6625900F6F5AD /* Products */,
				5F3B8508213830A65F6BF1B2 /* Pods */,
				1EE4F2DFE1E8AE35EAF33724 /* Frameworks */,
			);
			sourceTree = "<group>";
		};
		35A055A421E6625900F6F5AD /* Products */ = {
			isa = PBXGroup;
			children = (
				35A055A321E6625900F6F5AD /* InspeeroLibDemo.app */,
				35A055B721E6625B00F6F5AD /* InspeeroLibDemoTests.xctest */,
				35A055C221E6625B00F6F5AD /* InspeeroLibDemoUITests.xctest */,
			);
			name = Products;
			sourceTree = "<group>";
		};
		35A055A521E6625900F6F5AD /* InspeeroLibDemo */ = {
			isa = PBXGroup;
			children = (
				35A055D421E6626C00F6F5AD /* InAppDemo */,
				35A055A621E6625900F6F5AD /* AppDelegate.swift */,
				35A055A821E6625900F6F5AD /* ViewController.swift */,
				35A055E021E669A400F6F5AD /* Main.storyboard */,
				35A055AD21E6625B00F6F5AD /* Assets.xcassets */,
				35A055AF21E6625B00F6F5AD /* LaunchScreen.storyboard */,
				35A055B221E6625B00F6F5AD /* Info.plist */,
			);
			path = InspeeroLibDemo;
			sourceTree = "<group>";
		};
		35A055BA21E6625B00F6F5AD /* InspeeroLibDemoTests */ = {
			isa = PBXGroup;
			children = (
				35A055BB21E6625B00F6F5AD /* InspeeroLibDemoTests.swift */,
				35A055BD21E6625B00F6F5AD /* Info.plist */,
			);
			path = InspeeroLibDemoTests;
			sourceTree = "<group>";
		};
		35A055C521E6625B00F6F5AD /* InspeeroLibDemoUITests */ = {
			isa = PBXGroup;
			children = (
				35A055C621E6625B00F6F5AD /* InspeeroLibDemoUITests.swift */,
				35A055C821E6625B00F6F5AD /* Info.plist */,
			);
			path = InspeeroLibDemoUITests;
			sourceTree = "<group>";
		};
		35A055D421E6626C00F6F5AD /* InAppDemo */ = {
			isa = PBXGroup;
			children = (
				35A055D721E662A800F6F5AD /* DetailViewController.swift */,
				35A055D821E662A900F6F5AD /* MasterViewController.swift */,
				35A055D521E662A800F6F5AD /* Model */,
				35A055D921E662A900F6F5AD /* ProductCell.swift */,
			);
			path = InAppDemo;
			sourceTree = "<group>";
		};
		35A055D521E662A800F6F5AD /* Model */ = {
			isa = PBXGroup;
			children = (
				35A055D621E662A800F6F5AD /* RazeFaceProducts.swift */,
			);
			path = Model;
			sourceTree = "<group>";
		};
		5F3B8508213830A65F6BF1B2 /* Pods */ = {
			isa = PBXGroup;
			children = (
				F827C271640C026276833D25 /* Pods-InspeeroLibDemo.debug.xcconfig */,
				A8B93CD0FF7AD95BBE0C133F /* Pods-InspeeroLibDemo.release.xcconfig */,
				4790B33C074F4B396EF8DA44 /* Pods-InspeeroLibDemoTests.debug.xcconfig */,
				9457F7B00958D15D79899E2C /* Pods-InspeeroLibDemoTests.release.xcconfig */,
				71F85DB72D4F2E6E149DFD63 /* Pods-InspeeroLibDemoUITests.debug.xcconfig */,
				20BBD641C9CC091570588922 /* Pods-InspeeroLibDemoUITests.release.xcconfig */,
			);
			path = Pods;
			sourceTree = "<group>";
		};
/* End PBXGroup section */

/* Begin PBXNativeTarget section */
		35A055A221E6625900F6F5AD /* InspeeroLibDemo */ = {
			isa = PBXNativeTarget;
			buildConfigurationList = 35A055CB21E6625B00F6F5AD /* Build configuration list for PBXNativeTarget "InspeeroLibDemo" */;
			buildPhases = (
				C75EDF3773577244ACEF9420 /* [CP] Check Pods Manifest.lock */,
				35A0559F21E6625900F6F5AD /* Sources */,
				35A055A021E6625900F6F5AD /* Frameworks */,
				35A055A121E6625900F6F5AD /* Resources */,
				897F7E3F3D47E11D3C1D7E8E /* [CP] Embed Pods Frameworks */,
			);
			buildRules = (
			);
			dependencies = (
			);
			name = InspeeroLibDemo;
			productName = InspeeroLibDemo;
			productReference = 35A055A321E6625900F6F5AD /* InspeeroLibDemo.app */;
			productType = "com.apple.product-type.application";
		};
		35A055B621E6625B00F6F5AD /* InspeeroLibDemoTests */ = {
			isa = PBXNativeTarget;
			buildConfigurationList = 35A055CE21E6625B00F6F5AD /* Build configuration list for PBXNativeTarget "InspeeroLibDemoTests" */;
			buildPhases = (
				58281587081CD21E60390B6A /* [CP] Check Pods Manifest.lock */,
				35A055B321E6625B00F6F5AD /* Sources */,
				35A055B421E6625B00F6F5AD /* Frameworks */,
				35A055B521E6625B00F6F5AD /* Resources */,
			);
			buildRules = (
			);
			dependencies = (
				35A055B921E6625B00F6F5AD /* PBXTargetDependency */,
			);
			name = InspeeroLibDemoTests;
			productName = InspeeroLibDemoTests;
			productReference = 35A055B721E6625B00F6F5AD /* InspeeroLibDemoTests.xctest */;
			productType = "com.apple.product-type.bundle.unit-test";
		};
		35A055C121E6625B00F6F5AD /* InspeeroLibDemoUITests */ = {
			isa = PBXNativeTarget;
			buildConfigurationList = 35A055D121E6625B00F6F5AD /* Build configuration list for PBXNativeTarget "InspeeroLibDemoUITests" */;
			buildPhases = (
				2D05430BA88787E6FE2538BF /* [CP] Check Pods Manifest.lock */,
				35A055BE21E6625B00F6F5AD /* Sources */,
				35A055BF21E6625B00F6F5AD /* Frameworks */,
				35A055C021E6625B00F6F5AD /* Resources */,
			);
			buildRules = (
			);
			dependencies = (
				35A055C421E6625B00F6F5AD /* PBXTargetDependency */,
			);
			name = InspeeroLibDemoUITests;
			productName = InspeeroLibDemoUITests;
			productReference = 35A055C221E6625B00F6F5AD /* InspeeroLibDemoUITests.xctest */;
			productType = "com.apple.product-type.bundle.ui-testing";
		};
/* End PBXNativeTarget section */

/* Begin PBXProject section */
		35A0559B21E6625900F6F5AD /* Project object */ = {
			isa = PBXProject;
			attributes = {
				LastSwiftUpdateCheck = 1010;
				LastUpgradeCheck = 1010;
				ORGANIZATIONNAME = "Bhavesh Sarwar";
				TargetAttributes = {
					35A055A221E6625900F6F5AD = {
						CreatedOnToolsVersion = 10.1;
						SystemCapabilities = {
							com.apple.InAppPurchase = {
								enabled = 1;
							};
						};
					};
					35A055B621E6625B00F6F5AD = {
						CreatedOnToolsVersion = 10.1;
						TestTargetID = 35A055A221E6625900F6F5AD;
					};
					35A055C121E6625B00F6F5AD = {
						CreatedOnToolsVersion = 10.1;
						TestTargetID = 35A055A221E6625900F6F5AD;
					};
				};
			};
			buildConfigurationList = 35A0559E21E6625900F6F5AD /* Build configuration list for PBXProject "InspeeroLibDemo" */;
			compatibilityVersion = "Xcode 9.3";
			developmentRegion = en;
			hasScannedForEncodings = 0;
			knownRegions = (
				en,
				Base,
			);
			mainGroup = 35A0559A21E6625900F6F5AD;
			productRefGroup = 35A055A421E6625900F6F5AD /* Products */;
			projectDirPath = "";
			projectRoot = "";
			targets = (
				35A055A221E6625900F6F5AD /* InspeeroLibDemo */,
				35A055B621E6625B00F6F5AD /* InspeeroLibDemoTests */,
				35A055C121E6625B00F6F5AD /* InspeeroLibDemoUITests */,
			);
		};
/* End PBXProject section */

/* Begin PBXResourcesBuildPhase section */
		35A055A121E6625900F6F5AD /* Resources */ = {
			isa = PBXResourcesBuildPhase;
			buildActionMask = 2147483647;
			files = (
				35A055E121E669A500F6F5AD /* Main.storyboard in Resources */,
				35A055B121E6625B00F6F5AD /* LaunchScreen.storyboard in Resources */,
				35A055AE21E6625B00F6F5AD /* Assets.xcassets in Resources */,
			);
			runOnlyForDeploymentPostprocessing = 0;
		};
		35A055B521E6625B00F6F5AD /* Resources */ = {
			isa = PBXResourcesBuildPhase;
			buildActionMask = 2147483647;
			files = (
			);
			runOnlyForDeploymentPostprocessing = 0;
		};
		35A055C021E6625B00F6F5AD /* Resources */ = {
			isa = PBXResourcesBuildPhase;
			buildActionMask = 2147483647;
			files = (
			);
			runOnlyForDeploymentPostprocessing = 0;
		};
/* End PBXResourcesBuildPhase section */

/* Begin PBXShellScriptBuildPhase section */
		2D05430BA88787E6FE2538BF /* [CP] Check Pods Manifest.lock */ = {
			isa = PBXShellScriptBuildPhase;
			buildActionMask = 2147483647;
			files = (
			);
			inputFileListPaths = (
			);
			inputPaths = (
				"${PODS_PODFILE_DIR_PATH}/Podfile.lock",
				"${PODS_ROOT}/Manifest.lock",
			);
			name = "[CP] Check Pods Manifest.lock";
			outputFileListPaths = (
			);
			outputPaths = (
				"$(DERIVED_FILE_DIR)/Pods-InspeeroLibDemoUITests-checkManifestLockResult.txt",
			);
			runOnlyForDeploymentPostprocessing = 0;
			shellPath = /bin/sh;
			shellScript = "diff \"${PODS_PODFILE_DIR_PATH}/Podfile.lock\" \"${PODS_ROOT}/Manifest.lock\" > /dev/null\nif [ $? != 0 ] ; then\n    # print error to STDERR\n    echo \"error: The sandbox is not in sync with the Podfile.lock. Run 'pod install' or update your CocoaPods installation.\" >&2\n    exit 1\nfi\n# This output is used by Xcode 'outputs' to avoid re-running this script phase.\necho \"SUCCESS\" > \"${SCRIPT_OUTPUT_FILE_0}\"\n";
			showEnvVarsInLog = 0;
		};
		58281587081CD21E60390B6A /* [CP] Check Pods Manifest.lock */ = {
			isa = PBXShellScriptBuildPhase;
			buildActionMask = 2147483647;
			files = (
			);
			inputFileListPaths = (
			);
			inputPaths = (
				"${PODS_PODFILE_DIR_PATH}/Podfile.lock",
				"${PODS_ROOT}/Manifest.lock",
			);
			name = "[CP] Check Pods Manifest.lock";
			outputFileListPaths = (
			);
			outputPaths = (
				"$(DERIVED_FILE_DIR)/Pods-InspeeroLibDemoTests-checkManifestLockResult.txt",
			);
			runOnlyForDeploymentPostprocessing = 0;
			shellPath = /bin/sh;
			shellScript = "diff \"${PODS_PODFILE_DIR_PATH}/Podfile.lock\" \"${PODS_ROOT}/Manifest.lock\" > /dev/null\nif [ $? != 0 ] ; then\n    # print error to STDERR\n    echo \"error: The sandbox is not in sync with the Podfile.lock. Run 'pod install' or update your CocoaPods installation.\" >&2\n    exit 1\nfi\n# This output is used by Xcode 'outputs' to avoid re-running this script phase.\necho \"SUCCESS\" > \"${SCRIPT_OUTPUT_FILE_0}\"\n";
			showEnvVarsInLog = 0;
		};
		897F7E3F3D47E11D3C1D7E8E /* [CP] Embed Pods Frameworks */ = {
			isa = PBXShellScriptBuildPhase;
			buildActionMask = 2147483647;
			files = (
			);
			inputFileListPaths = (
			);
			inputPaths = (
				"${PODS_ROOT}/Target Support Files/Pods-InspeeroLibDemo/Pods-InspeeroLibDemo-frameworks.sh",
				"${BUILT_PRODUCTS_DIR}/InspeeroLibs/InspeeroLibs.framework",
			);
			name = "[CP] Embed Pods Frameworks";
			outputFileListPaths = (
			);
			outputPaths = (
				"${TARGET_BUILD_DIR}/${FRAMEWORKS_FOLDER_PATH}/InspeeroLibs.framework",
			);
			runOnlyForDeploymentPostprocessing = 0;
			shellPath = /bin/sh;
			shellScript = "\"${PODS_ROOT}/Target Support Files/Pods-InspeeroLibDemo/Pods-InspeeroLibDemo-frameworks.sh\"\n";
			showEnvVarsInLog = 0;
		};
		C75EDF3773577244ACEF9420 /* [CP] Check Pods Manifest.lock */ = {
			isa = PBXShellScriptBuildPhase;
			buildActionMask = 2147483647;
			files = (
			);
			inputFileListPaths = (
			);
			inputPaths = (
				"${PODS_PODFILE_DIR_PATH}/Podfile.lock",
				"${PODS_ROOT}/Manifest.lock",
			);
			name = "[CP] Check Pods Manifest.lock";
			outputFileListPaths = (
			);
			outputPaths = (
				"$(DERIVED_FILE_DIR)/Pods-InspeeroLibDemo-checkManifestLockResult.txt",
			);
			runOnlyForDeploymentPostprocessing = 0;
			shellPath = /bin/sh;
			shellScript = "diff \"${PODS_PODFILE_DIR_PATH}/Podfile.lock\" \"${PODS_ROOT}/Manifest.lock\" > /dev/null\nif [ $? != 0 ] ; then\n    # print error to STDERR\n    echo \"error: The sandbox is not in sync with the Podfile.lock. Run 'pod install' or update your CocoaPods installation.\" >&2\n    exit 1\nfi\n# This output is used by Xcode 'outputs' to avoid re-running this script phase.\necho \"SUCCESS\" > \"${SCRIPT_OUTPUT_FILE_0}\"\n";
			showEnvVarsInLog = 0;
		};
/* End PBXShellScriptBuildPhase section */

/* Begin PBXSourcesBuildPhase section */
		35A0559F21E6625900F6F5AD /* Sources */ = {
			isa = PBXSourcesBuildPhase;
			buildActionMask = 2147483647;
			files = (
				35A055DD21E662A900F6F5AD /* MasterViewController.swift in Sources */,
				35A055A921E6625900F6F5AD /* ViewController.swift in Sources */,
				35A055DB21E662A900F6F5AD /* RazeFaceProducts.swift in Sources */,
				35A055DE21E662A900F6F5AD /* ProductCell.swift in Sources */,
				35A055A721E6625900F6F5AD /* AppDelegate.swift in Sources */,
				35A055DC21E662A900F6F5AD /* DetailViewController.swift in Sources */,
			);
			runOnlyForDeploymentPostprocessing = 0;
		};
		35A055B321E6625B00F6F5AD /* Sources */ = {
			isa = PBXSourcesBuildPhase;
			buildActionMask = 2147483647;
			files = (
				35A055BC21E6625B00F6F5AD /* InspeeroLibDemoTests.swift in Sources */,
			);
			runOnlyForDeploymentPostprocessing = 0;
		};
		35A055BE21E6625B00F6F5AD /* Sources */ = {
			isa = PBXSourcesBuildPhase;
			buildActionMask = 2147483647;
			files = (
				35A055C721E6625B00F6F5AD /* InspeeroLibDemoUITests.swift in Sources */,
			);
			runOnlyForDeploymentPostprocessing = 0;
		};
/* End PBXSourcesBuildPhase section */

/* Begin PBXTargetDependency section */
		35A055B921E6625B00F6F5AD /* PBXTargetDependency */ = {
			isa = PBXTargetDependency;
			target = 35A055A221E6625900F6F5AD /* InspeeroLibDemo */;
			targetProxy = 35A055B821E6625B00F6F5AD /* PBXContainerItemProxy */;
		};
		35A055C421E6625B00F6F5AD /* PBXTargetDependency */ = {
			isa = PBXTargetDependency;
			target = 35A055A221E6625900F6F5AD /* InspeeroLibDemo */;
			targetProxy = 35A055C321E6625B00F6F5AD /* PBXContainerItemProxy */;
		};
/* End PBXTargetDependency section */

/* Begin PBXVariantGroup section */
		35A055AF21E6625B00F6F5AD /* LaunchScreen.storyboard */ = {
			isa = PBXVariantGroup;
			children = (
				35A055B021E6625B00F6F5AD /* Base */,
			);
			name = LaunchScreen.storyboard;
			sourceTree = "<group>";
		};
/* End PBXVariantGroup section */

/* Begin XCBuildConfiguration section */
		35A055C921E6625B00F6F5AD /* Debug */ = {
			isa = XCBuildConfiguration;
			buildSettings = {
				ALWAYS_SEARCH_USER_PATHS = NO;
				CLANG_ANALYZER_NONNULL = YES;
				CLANG_ANALYZER_NUMBER_OBJECT_CONVERSION = YES_AGGRESSIVE;
				CLANG_CXX_LANGUAGE_STANDARD = "gnu++14";
				CLANG_CXX_LIBRARY = "libc++";
				CLANG_ENABLE_MODULES = YES;
				CLANG_ENABLE_OBJC_ARC = YES;
				CLANG_ENABLE_OBJC_WEAK = YES;
				CLANG_WARN_BLOCK_CAPTURE_AUTORELEASING = YES;
				CLANG_WARN_BOOL_CONVERSION = YES;
				CLANG_WARN_COMMA = YES;
				CLANG_WARN_CONSTANT_CONVERSION = YES;
				CLANG_WARN_DEPRECATED_OBJC_IMPLEMENTATIONS = YES;
				CLANG_WARN_DIRECT_OBJC_ISA_USAGE = YES_ERROR;
				CLANG_WARN_DOCUMENTATION_COMMENTS = YES;
				CLANG_WARN_EMPTY_BODY = YES;
				CLANG_WARN_ENUM_CONVERSION = YES;
				CLANG_WARN_INFINITE_RECURSION = YES;
				CLANG_WARN_INT_CONVERSION = YES;
				CLANG_WARN_NON_LITERAL_NULL_CONVERSION = YES;
				CLANG_WARN_OBJC_IMPLICIT_RETAIN_SELF = YES;
				CLANG_WARN_OBJC_LITERAL_CONVERSION = YES;
				CLANG_WARN_OBJC_ROOT_CLASS = YES_ERROR;
				CLANG_WARN_RANGE_LOOP_ANALYSIS = YES;
				CLANG_WARN_STRICT_PROTOTYPES = YES;
				CLANG_WARN_SUSPICIOUS_MOVE = YES;
				CLANG_WARN_UNGUARDED_AVAILABILITY = YES_AGGRESSIVE;
				CLANG_WARN_UNREACHABLE_CODE = YES;
				CLANG_WARN__DUPLICATE_METHOD_MATCH = YES;
				CODE_SIGN_IDENTITY = "iPhone Developer";
				COPY_PHASE_STRIP = NO;
				DEBUG_INFORMATION_FORMAT = dwarf;
				ENABLE_STRICT_OBJC_MSGSEND = YES;
				ENABLE_TESTABILITY = YES;
				GCC_C_LANGUAGE_STANDARD = gnu11;
				GCC_DYNAMIC_NO_PIC = NO;
				GCC_NO_COMMON_BLOCKS = YES;
				GCC_OPTIMIZATION_LEVEL = 0;
				GCC_PREPROCESSOR_DEFINITIONS = (
					"DEBUG=1",
					"$(inherited)",
				);
				GCC_WARN_64_TO_32_BIT_CONVERSION = YES;
				GCC_WARN_ABOUT_RETURN_TYPE = YES_ERROR;
				GCC_WARN_UNDECLARED_SELECTOR = YES;
				GCC_WARN_UNINITIALIZED_AUTOS = YES_AGGRESSIVE;
				GCC_WARN_UNUSED_FUNCTION = YES;
				GCC_WARN_UNUSED_VARIABLE = YES;
				IPHONEOS_DEPLOYMENT_TARGET = 12.1;
				MTL_ENABLE_DEBUG_INFO = INCLUDE_SOURCE;
				MTL_FAST_MATH = YES;
				ONLY_ACTIVE_ARCH = YES;
				SDKROOT = iphoneos;
				SWIFT_ACTIVE_COMPILATION_CONDITIONS = DEBUG;
				SWIFT_OPTIMIZATION_LEVEL = "-Onone";
			};
			name = Debug;
		};
		35A055CA21E6625B00F6F5AD /* Release */ = {
			isa = XCBuildConfiguration;
			buildSettings = {
				ALWAYS_SEARCH_USER_PATHS = NO;
				CLANG_ANALYZER_NONNULL = YES;
				CLANG_ANALYZER_NUMBER_OBJECT_CONVERSION = YES_AGGRESSIVE;
				CLANG_CXX_LANGUAGE_STANDARD = "gnu++14";
				CLANG_CXX_LIBRARY = "libc++";
				CLANG_ENABLE_MODULES = YES;
				CLANG_ENABLE_OBJC_ARC = YES;
				CLANG_ENABLE_OBJC_WEAK = YES;
				CLANG_WARN_BLOCK_CAPTURE_AUTORELEASING = YES;
				CLANG_WARN_BOOL_CONVERSION = YES;
				CLANG_WARN_COMMA = YES;
				CLANG_WARN_CONSTANT_CONVERSION = YES;
				CLANG_WARN_DEPRECATED_OBJC_IMPLEMENTATIONS = YES;
				CLANG_WARN_DIRECT_OBJC_ISA_USAGE = YES_ERROR;
				CLANG_WARN_DOCUMENTATION_COMMENTS = YES;
				CLANG_WARN_EMPTY_BODY = YES;
				CLANG_WARN_ENUM_CONVERSION = YES;
				CLANG_WARN_INFINITE_RECURSION = YES;
				CLANG_WARN_INT_CONVERSION = YES;
				CLANG_WARN_NON_LITERAL_NULL_CONVERSION = YES;
				CLANG_WARN_OBJC_IMPLICIT_RETAIN_SELF = YES;
				CLANG_WARN_OBJC_LITERAL_CONVERSION = YES;
				CLANG_WARN_OBJC_ROOT_CLASS = YES_ERROR;
				CLANG_WARN_RANGE_LOOP_ANALYSIS = YES;
				CLANG_WARN_STRICT_PROTOTYPES = YES;
				CLANG_WARN_SUSPICIOUS_MOVE = YES;
				CLANG_WARN_UNGUARDED_AVAILABILITY = YES_AGGRESSIVE;
				CLANG_WARN_UNREACHABLE_CODE = YES;
				CLANG_WARN__DUPLICATE_METHOD_MATCH = YES;
				CODE_SIGN_IDENTITY = "iPhone Developer";
				COPY_PHASE_STRIP = NO;
				DEBUG_INFORMATION_FORMAT = "dwarf-with-dsym";
				ENABLE_NS_ASSERTIONS = NO;
				ENABLE_STRICT_OBJC_MSGSEND = YES;
				GCC_C_LANGUAGE_STANDARD = gnu11;
				GCC_NO_COMMON_BLOCKS = YES;
				GCC_WARN_64_TO_32_BIT_CONVERSION = YES;
				GCC_WARN_ABOUT_RETURN_TYPE = YES_ERROR;
				GCC_WARN_UNDECLARED_SELECTOR = YES;
				GCC_WARN_UNINITIALIZED_AUTOS = YES_AGGRESSIVE;
				GCC_WARN_UNUSED_FUNCTION = YES;
				GCC_WARN_UNUSED_VARIABLE = YES;
				IPHONEOS_DEPLOYMENT_TARGET = 12.1;
				MTL_ENABLE_DEBUG_INFO = NO;
				MTL_FAST_MATH = YES;
				SDKROOT = iphoneos;
				SWIFT_COMPILATION_MODE = wholemodule;
				SWIFT_OPTIMIZATION_LEVEL = "-O";
				VALIDATE_PRODUCT = YES;
			};
			name = Release;
		};
		35A055CC21E6625B00F6F5AD /* Debug */ = {
			isa = XCBuildConfiguration;
			baseConfigurationReference = F827C271640C026276833D25 /* Pods-InspeeroLibDemo.debug.xcconfig */;
			buildSettings = {
				ASSETCATALOG_COMPILER_APPICON_NAME = AppIcon;
				CODE_SIGN_STYLE = Automatic;
				DEVELOPMENT_TEAM = 36DYQ3B3G4;
				INFOPLIST_FILE = InspeeroLibDemo/Info.plist;
				LD_RUNPATH_SEARCH_PATHS = (
					"$(inherited)",
					"@executable_path/Frameworks",
				);
				PRODUCT_BUNDLE_IDENTIFIER = com.demo.andara.Ia;
				PRODUCT_NAME = "$(TARGET_NAME)";
				SWIFT_VERSION = 4.2;
				TARGETED_DEVICE_FAMILY = "1,2";
			};
			name = Debug;
		};
		35A055CD21E6625B00F6F5AD /* Release */ = {
			isa = XCBuildConfiguration;
			baseConfigurationReference = A8B93CD0FF7AD95BBE0C133F /* Pods-InspeeroLibDemo.release.xcconfig */;
			buildSettings = {
				ASSETCATALOG_COMPILER_APPICON_NAME = AppIcon;
				CODE_SIGN_STYLE = Automatic;
				DEVELOPMENT_TEAM = 36DYQ3B3G4;
				INFOPLIST_FILE = InspeeroLibDemo/Info.plist;
				LD_RUNPATH_SEARCH_PATHS = (
					"$(inherited)",
					"@executable_path/Frameworks",
				);
				PRODUCT_BUNDLE_IDENTIFIER = com.demo.andara.Ia;
				PRODUCT_NAME = "$(TARGET_NAME)";
				SWIFT_VERSION = 4.2;
				TARGETED_DEVICE_FAMILY = "1,2";
			};
			name = Release;
		};
		35A055CF21E6625B00F6F5AD /* Debug */ = {
			isa = XCBuildConfiguration;
			baseConfigurationReference = 4790B33C074F4B396EF8DA44 /* Pods-InspeeroLibDemoTests.debug.xcconfig */;
			buildSettings = {
				ALWAYS_EMBED_SWIFT_STANDARD_LIBRARIES = YES;
				BUNDLE_LOADER = "$(TEST_HOST)";
				CODE_SIGN_STYLE = Automatic;
				DEVELOPMENT_TEAM = 36DYQ3B3G4;
				INFOPLIST_FILE = InspeeroLibDemoTests/Info.plist;
				LD_RUNPATH_SEARCH_PATHS = (
					"$(inherited)",
					"@executable_path/Frameworks",
					"@loader_path/Frameworks",
				);
				PRODUCT_BUNDLE_IDENTIFIER = com.demo.InspeeroLibDemoTests;
				PRODUCT_NAME = "$(TARGET_NAME)";
				SWIFT_VERSION = 4.2;
				TARGETED_DEVICE_FAMILY = "1,2";
				TEST_HOST = "$(BUILT_PRODUCTS_DIR)/InspeeroLibDemo.app/InspeeroLibDemo";
			};
			name = Debug;
		};
		35A055D021E6625B00F6F5AD /* Release */ = {
			isa = XCBuildConfiguration;
			baseConfigurationReference = 9457F7B00958D15D79899E2C /* Pods-InspeeroLibDemoTests.release.xcconfig */;
			buildSettings = {
				ALWAYS_EMBED_SWIFT_STANDARD_LIBRARIES = YES;
				BUNDLE_LOADER = "$(TEST_HOST)";
				CODE_SIGN_STYLE = Automatic;
				DEVELOPMENT_TEAM = 36DYQ3B3G4;
				INFOPLIST_FILE = InspeeroLibDemoTests/Info.plist;
				LD_RUNPATH_SEARCH_PATHS = (
					"$(inherited)",
					"@executable_path/Frameworks",
					"@loader_path/Frameworks",
				);
				PRODUCT_BUNDLE_IDENTIFIER = com.demo.InspeeroLibDemoTests;
				PRODUCT_NAME = "$(TARGET_NAME)";
				SWIFT_VERSION = 4.2;
				TARGETED_DEVICE_FAMILY = "1,2";
				TEST_HOST = "$(BUILT_PRODUCTS_DIR)/InspeeroLibDemo.app/InspeeroLibDemo";
			};
			name = Release;
		};
		35A055D221E6625B00F6F5AD /* Debug */ = {
			isa = XCBuildConfiguration;
			baseConfigurationReference = 71F85DB72D4F2E6E149DFD63 /* Pods-InspeeroLibDemoUITests.debug.xcconfig */;
			buildSettings = {
				ALWAYS_EMBED_SWIFT_STANDARD_LIBRARIES = YES;
				CODE_SIGN_STYLE = Automatic;
				DEVELOPMENT_TEAM = 36DYQ3B3G4;
				INFOPLIST_FILE = InspeeroLibDemoUITests/Info.plist;
				LD_RUNPATH_SEARCH_PATHS = (
					"$(inherited)",
					"@executable_path/Frameworks",
					"@loader_path/Frameworks",
				);
				PRODUCT_BUNDLE_IDENTIFIER = com.demo.InspeeroLibDemoUITests;
				PRODUCT_NAME = "$(TARGET_NAME)";
				SWIFT_VERSION = 4.2;
				TARGETED_DEVICE_FAMILY = "1,2";
				TEST_TARGET_NAME = InspeeroLibDemo;
			};
			name = Debug;
		};
		35A055D321E6625B00F6F5AD /* Release */ = {
			isa = XCBuildConfiguration;
			baseConfigurationReference = 20BBD641C9CC091570588922 /* Pods-InspeeroLibDemoUITests.release.xcconfig */;
			buildSettings = {
				ALWAYS_EMBED_SWIFT_STANDARD_LIBRARIES = YES;
				CODE_SIGN_STYLE = Automatic;
				DEVELOPMENT_TEAM = 36DYQ3B3G4;
				INFOPLIST_FILE = InspeeroLibDemoUITests/Info.plist;
				LD_RUNPATH_SEARCH_PATHS = (
					"$(inherited)",
					"@executable_path/Frameworks",
					"@loader_path/Frameworks",
				);
				PRODUCT_BUNDLE_IDENTIFIER = com.demo.InspeeroLibDemoUITests;
				PRODUCT_NAME = "$(TARGET_NAME)";
				SWIFT_VERSION = 4.2;
				TARGETED_DEVICE_FAMILY = "1,2";
				TEST_TARGET_NAME = InspeeroLibDemo;
			};
			name = Release;
		};
/* End XCBuildConfiguration section */

/* Begin XCConfigurationList section */
		35A0559E21E6625900F6F5AD /* Build configuration list for PBXProject "InspeeroLibDemo" */ = {
			isa = XCConfigurationList;
			buildConfigurations = (
				35A055C921E6625B00F6F5AD /* Debug */,
				35A055CA21E6625B00F6F5AD /* Release */,
			);
			defaultConfigurationIsVisible = 0;
			defaultConfigurationName = Release;
		};
		35A055CB21E6625B00F6F5AD /* Build configuration list for PBXNativeTarget "InspeeroLibDemo" */ = {
			isa = XCConfigurationList;
			buildConfigurations = (
				35A055CC21E6625B00F6F5AD /* Debug */,
				35A055CD21E6625B00F6F5AD /* Release */,
			);
			defaultConfigurationIsVisible = 0;
			defaultConfigurationName = Release;
		};
		35A055CE21E6625B00F6F5AD /* Build configuration list for PBXNativeTarget "InspeeroLibDemoTests" */ = {
			isa = XCConfigurationList;
			buildConfigurations = (
				35A055CF21E6625B00F6F5AD /* Debug */,
				35A055D021E6625B00F6F5AD /* Release */,
			);
			defaultConfigurationIsVisible = 0;
			defaultConfigurationName = Release;
		};
		35A055D121E6625B00F6F5AD /* Build configuration list for PBXNativeTarget "InspeeroLibDemoUITests" */ = {
			isa = XCConfigurationList;
			buildConfigurations = (
				35A055D221E6625B00F6F5AD /* Debug */,
				35A055D321E6625B00F6F5AD /* Release */,
			);
			defaultConfigurationIsVisible = 0;
			defaultConfigurationName = Release;
		};
/* End XCConfigurationList section */
	};
	rootObject = 35A0559B21E6625900F6F5AD /* Project object */;
}
