PODS:
  - InspeeroLibs (0.2.0):
    - InspeeroLibs/InAppPurchase (= 0.2.0)
  - InspeeroLibs/InAppPurchase (0.2.0)

DEPENDENCIES:
  - InspeeroLibs

SPEC REPOS:
  https://github.com/cocoapods/specs.git:
    - InspeeroLibs

SPEC CHECKSUMS:
  InspeeroLibs: 4d290f4ddc96eba0cfdccc864763c472fe76e7fd

PODFILE CHECKSUM: f7d5d2cf01b70ad3c674bbe54e89df69e9f729f6

COCOAPODS: 1.6.0.beta.2
