PODS:
  - InspeeroLibs/InAppPurchase (0.1.0)

DEPENDENCIES:
  - InspeeroLibs/InAppPurchase

SPEC REPOS:
  https://github.com/cocoapods/specs.git:
    - InspeeroLibs

SPEC CHECKSUMS:
  InspeeroLibs: 972725815ba58d0be5b9da6274078c1568d8279b

PODFILE CHECKSUM: 18230293dac2999e490c0d5be508f3902e1012a4

COCOAPODS: 1.6.0.beta.2
